{
  "name": "asesorista.github.io",
  "lockfileVersion": 3,
  "requires": true,
  "packages": {
    "": {
      "dependencies": {
        "nodemailer": "^6.9.7",
        "nodemailer-mandrill-transport": "^1.2.0"
      }
    },
    "node_modules/addressparser": {
      "version": "1.0.1",
      "resolved": "https://registry.npmjs.org/addressparser/-/addressparser-1.0.1.tgz",
      "integrity": "sha512-aQX7AISOMM7HFE0iZ3+YnD07oIeJqWGVnJ+ZIKaBZAk03ftmVYVqsGas/rbXKR21n4D/hKCSHypvcyOkds/xzg=="
    },
    "node_modules/extend": {
      "version": "3.0.2",
      "resolved": "https://registry.npmjs.org/extend/-/extend-3.0.2.tgz",
      "integrity": "sha512-fjquC59cD7CyW6urNXK0FBufkZcoiGG80wTuPujX590cB5Ttln20E2UB4S/WARVqhXffZl2LNgS+gQdPIIim/g=="
    },
    "node_modules/mandrill-api": {
      "version": "1.0.45",
      "resolved": "https://registry.npmjs.org/mandrill-api/-/mandrill-api-1.0.45.tgz",
      "integrity": "sha512-Hbr6z1AeReym0uVfGXNwyfGmyd7wZ81lsJg/iaogSDycI8J1lVjTx91u4pr4VSW3+fRqVASqre17ebHOr7yNKQ==",
      "deprecated": "Deprecated. Replaced by @mailchimp/mailchimp_transactional",
      "engines": {
        "node": "*"
      }
    },
    "node_modules/nodemailer": {
      "version": "6.9.7",
      "resolved": "https://registry.npmjs.org/nodemailer/-/nodemailer-6.9.7.tgz",
      "integrity": "sha512-rUtR77ksqex/eZRLmQ21LKVH5nAAsVicAtAYudK7JgwenEDZ0UIQ1adUGqErz7sMkWYxWTTU1aeP2Jga6WQyJw==",
      "engines": {
        "node": ">=6.0.0"
      }
    },
    "node_modules/nodemailer-mandrill-transport": {
      "version": "1.2.0",
      "resolved": "https://registry.npmjs.org/nodemailer-mandrill-transport/-/nodemailer-mandrill-transport-1.2.0.tgz",
      "integrity": "sha512-Dli7B8D0Q2EkLi01ajSS4zaSfB1Vpv0s5539Dgjr6/XmQaXX7zVtzUvicWg38brgmFAaQ3HyXNFK6lWsF5I27A==",
      "dependencies": {
        "addressparser": "^1.0.1",
        "extend": "^3.0.0",
        "mandrill-api": "^1.0.45"
      }
    }
  }
}
